
Microsoft Visual Studio Solution File, Format Version 12.00
# Visual Studio Version 17
VisualStudioVersion = 17.7.34202.233
MinimumVisualStudioVersion = 10.0.40219.1
Project("{9A19103F-16F7-4668-BE54-9A1E7A4F7556}") = "Task5", "Task5\Task5.csproj", "{8248F14E-6062-46CF-9899-04021F5B90FB}"
EndProject
Global
	GlobalSection(SolutionConfigurationPlatforms) = preSolution
		Debug|Any CPU = Debug|Any CPU
		Release|Any CPU = Release|Any CPU
	EndGlobalSection
	GlobalSection(ProjectConfigurationPlatforms) = postSolution
		{8248F14E-6062-46CF-9899-04021F5B90FB}.Debug|Any CPU.ActiveCfg = Debug|Any CPU
		{8248F14E-6062-46CF-9899-04021F5B90FB}.Debug|Any CPU.Build.0 = Debug|Any CPU
		{8248F14E-6062-46CF-9899-04021F5B90FB}.Release|Any CPU.ActiveCfg = Release|Any CPU
		{8248F14E-6062-46CF-9899-04021F5B90FB}.Release|Any CPU.Build.0 = Release|Any CPU
	EndGlobalSection
	GlobalSection(SolutionProperties) = preSolution
		HideSolutionNode = FALSE
	EndGlobalSection
	GlobalSection(ExtensibilityGlobals) = postSolution
		SolutionGuid = {CBB6E455-FB30-4F9C-9FE4-A706F96AD16B}
	EndGlobalSection
EndGlobal
